
Microsoft Visual Studio Solution File, Format Version 12.00
# Visual Studio Version 17
VisualStudioVersion = 17.7.34031.279
MinimumVisualStudioVersion = 10.0.40219.1
Project("{FAE04EC0-301F-11D3-BF4B-00C04F79EFBC}") = "DotNETCoreMongoDBCRUD", "DotNETCoreMongoDBCRUD\DotNETCoreMongoDBCRUD.csproj", "{FDE50DA0-951D-4ACC-B6B2-F31E47EFB509}"
EndProject
Global
	GlobalSection(SolutionConfigurationPlatforms) = preSolution
		Debug|Any CPU = Debug|Any CPU
		Release|Any CPU = Release|Any CPU
	EndGlobalSection
	GlobalSection(ProjectConfigurationPlatforms) = postSolution
		{FDE50DA0-951D-4ACC-B6B2-F31E47EFB509}.Debug|Any CPU.ActiveCfg = Debug|Any CPU
		{FDE50DA0-951D-4ACC-B6B2-F31E47EFB509}.Debug|Any CPU.Build.0 = Debug|Any CPU
		{FDE50DA0-951D-4ACC-B6B2-F31E47EFB509}.Release|Any CPU.ActiveCfg = Release|Any CPU
		{FDE50DA0-951D-4ACC-B6B2-F31E47EFB509}.Release|Any CPU.Build.0 = Release|Any CPU
	EndGlobalSection
	GlobalSection(SolutionProperties) = preSolution
		HideSolutionNode = FALSE
	EndGlobalSection
	GlobalSection(ExtensibilityGlobals) = postSolution
		SolutionGuid = {06F6D62B-403C-44DE-9604-7D452ED137C5}
	EndGlobalSection
EndGlobal
